// !$*UTF8*$!
{
	archiveVersion = 1;
	classes = {
	};
	objectVersion = 46;
	objects = {

/* Begin PBXBuildFile section */
		DB9515F019A1604C00F39637 /* main.m in Sources */ = {isa = PBXBuildFile; fileRef = DB9515EF19A1604C00F39637 /* main.m */; };
		DB9515F919A160B000F39637 /* Node.m in Sources */ = {isa = PBXBuildFile; fileRef = DB9515F819A160B000F39637 /* Node.m */; };
		DB9515FD19A1610D00F39637 /* LinkedList.m in Sources */ = {isa = PBXBuildFile; fileRef = DB9515FC19A1610D00F39637 /* LinkedList.m */; };
		DBDDF0F819A6CA0000F380F8 /* Printer.m in Sources */ = {isa = PBXBuildFile; fileRef = DBDDF0F719A6CA0000F380F8 /* Printer.m */; };
/* End PBXBuildFile section */

/* Begin PBXCopyFilesBuildPhase section */
		DB9515EA19A1604C00F39637 /* CopyFiles */ = {
			isa = PBXCopyFilesBuildPhase;
			buildActionMask = 2147483647;
			dstPath = /usr/share/man/man1/;
			dstSubfolderSpec = 0;
			files = (
			);
			runOnlyForDeploymentPostprocessing = 1;
		};
/* End PBXCopyFilesBuildPhase section */

/* Begin PBXFileReference section */
		DB9515EC19A1604C00F39637 /* DataStructures */ = {isa = PBXFileReference; explicitFileType = "compiled.mach-o.executable"; includeInIndex = 0; path = DataStructures; sourceTree = BUILT_PRODUCTS_DIR; };
		DB9515EF19A1604C00F39637 /* main.m */ = {isa = PBXFileReference; lastKnownFileType = sourcecode.c.objc; path = main.m; sourceTree = "<group>"; };
		DB9515F719A160B000F39637 /* Node.h */ = {isa = PBXFileReference; fileEncoding = 4; lastKnownFileType = sourcecode.c.h; path = Node.h; sourceTree = "<group>"; };
		DB9515F819A160B000F39637 /* Node.m */ = {isa = PBXFileReference; fileEncoding = 4; lastKnownFileType = sourcecode.c.objc; path = Node.m; sourceTree = "<group>"; };
		DB9515FB19A1610D00F39637 /* LinkedList.h */ = {isa = PBXFileReference; fileEncoding = 4; lastKnownFileType = sourcecode.c.h; path = LinkedList.h; sourceTree = "<group>"; };
		DB9515FC19A1610D00F39637 /* LinkedList.m */ = {isa = PBXFileReference; fileEncoding = 4; lastKnownFileType = sourcecode.c.objc; path = LinkedList.m; sourceTree = "<group>"; };
		DBDDF0F619A6CA0000F380F8 /* Printer.h */ = {isa = PBXFileReference; fileEncoding = 4; lastKnownFileType = sourcecode.c.h; path = Printer.h; sourceTree = "<group>"; };
		DBDDF0F719A6CA0000F380F8 /* Printer.m */ = {isa = PBXFileReference; fileEncoding = 4; lastKnownFileType = sourcecode.c.objc; path = Printer.m; sourceTree = "<group>"; };
/* End PBXFileReference section */

/* Begin PBXFrameworksBuildPhase section */
		DB9515E919A1604C00F39637 /* Frameworks */ = {
			isa = PBXFrameworksBuildPhase;
			buildActionMask = 2147483647;
			files = (
			);
			runOnlyForDeploymentPostprocessing = 0;
		};
/* End PBXFrameworksBuildPhase section */

/* Begin PBXGroup section */
		DB9515E319A1604C00F39637 = {
			isa = PBXGroup;
			children = (
				DB9515EE19A1604C00F39637 /* DataStructures */,
				DB9515ED19A1604C00F39637 /* Products */,
			);
			sourceTree = "<group>";
		};
		DB9515ED19A1604C00F39637 /* Products */ = {
			isa = PBXGroup;
			children = (
				DB9515EC19A1604C00F39637 /* DataStructures */,
			);
			name = Products;
			sourceTree = "<group>";
		};
		DB9515EE19A1604C00F39637 /* DataStructures */ = {
			isa = PBXGroup;
			children = (
				DB9515FA19A160F500F39637 /* Element */,
				DB9515F619A1606500F39637 /* LinkedList */,
				DB9515EF19A1604C00F39637 /* main.m */,
				DBDDF0F619A6CA0000F380F8 /* Printer.h */,
				DBDDF0F719A6CA0000F380F8 /* Printer.m */,
			);
			path = DataStructures;
			sourceTree = "<group>";
		};
		DB9515F619A1606500F39637 /* LinkedList */ = {
			isa = PBXGroup;
			children = (
				DB9515FB19A1610D00F39637 /* LinkedList.h */,
				DB9515FC19A1610D00F39637 /* LinkedList.m */,
			);
			name = LinkedList;
			sourceTree = "<group>";
		};
		DB9515FA19A160F500F39637 /* Element */ = {
			isa = PBXGroup;
			children = (
				DB9515F719A160B000F39637 /* Node.h */,
				DB9515F819A160B000F39637 /* Node.m */,
			);
			name = Element;
			sourceTree = "<group>";
		};
/* End PBXGroup section */

/* Begin PBXNativeTarget section */
		DB9515EB19A1604C00F39637 /* DataStructures */ = {
			isa = PBXNativeTarget;
			buildConfigurationList = DB9515F319A1604C00F39637 /* Build configuration list for PBXNativeTarget "DataStructures" */;
			buildPhases = (
				DB9515E819A1604C00F39637 /* Sources */,
				DB9515E919A1604C00F39637 /* Frameworks */,
				DB9515EA19A1604C00F39637 /* CopyFiles */,
			);
			buildRules = (
			);
			dependencies = (
			);
			name = DataStructures;
			productName = DataStructures;
			productReference = DB9515EC19A1604C00F39637 /* DataStructures */;
			productType = "com.apple.product-type.tool";
		};
/* End PBXNativeTarget section */

/* Begin PBXProject section */
		DB9515E419A1604C00F39637 /* Project object */ = {
			isa = PBXProject;
			attributes = {
				LastUpgradeCheck = 0600;
				ORGANIZATIONNAME = "Harshad Kale";
				TargetAttributes = {
					DB9515EB19A1604C00F39637 = {
						CreatedOnToolsVersion = 6.0;
					};
				};
			};
			buildConfigurationList = DB9515E719A1604C00F39637 /* Build configuration list for PBXProject "DataStructures" */;
			compatibilityVersion = "Xcode 3.2";
			developmentRegion = English;
			hasScannedForEncodings = 0;
			knownRegions = (
				en,
			);
			mainGroup = DB9515E319A1604C00F39637;
			productRefGroup = DB9515ED19A1604C00F39637 /* Products */;
			projectDirPath = "";
			projectRoot = "";
			targets = (
				DB9515EB19A1604C00F39637 /* DataStructures */,
			);
		};
/* End PBXProject section */

/* Begin PBXSourcesBuildPhase section */
		DB9515E819A1604C00F39637 /* Sources */ = {
			isa = PBXSourcesBuildPhase;
			buildActionMask = 2147483647;
			files = (
				DBDDF0F819A6CA0000F380F8 /* Printer.m in Sources */,
				DB9515FD19A1610D00F39637 /* LinkedList.m in Sources */,
				DB9515F919A160B000F39637 /* Node.m in Sources */,
				DB9515F019A1604C00F39637 /* main.m in Sources */,
			);
			runOnlyForDeploymentPostprocessing = 0;
		};
/* End PBXSourcesBuildPhase section */

/* Begin XCBuildConfiguration section */
		DB9515F119A1604C00F39637 /* Debug */ = {
			isa = XCBuildConfiguration;
			buildSettings = {
				ALWAYS_SEARCH_USER_PATHS = NO;
				CLANG_CXX_LANGUAGE_STANDARD = "gnu++0x";
				CLANG_CXX_LIBRARY = "libc++";
				CLANG_ENABLE_MODULES = YES;
				CLANG_ENABLE_OBJC_ARC = YES;
				CLANG_WARN_BOOL_CONVERSION = YES;
				CLANG_WARN_CONSTANT_CONVERSION = YES;
				CLANG_WARN_DIRECT_OBJC_ISA_USAGE = YES_ERROR;
				CLANG_WARN_EMPTY_BODY = YES;
				CLANG_WARN_ENUM_CONVERSION = YES;
				CLANG_WARN_INT_CONVERSION = YES;
				CLANG_WARN_OBJC_ROOT_CLASS = YES_ERROR;
				CLANG_WARN_UNREACHABLE_CODE = YES;
				CLANG_WARN__DUPLICATE_METHOD_MATCH = YES;
				COPY_PHASE_STRIP = NO;
				ENABLE_STRICT_OBJC_MSGSEND = YES;
				GCC_C_LANGUAGE_STANDARD = gnu99;
				GCC_DYNAMIC_NO_PIC = NO;
				GCC_OPTIMIZATION_LEVEL = 0;
				GCC_PREPROCESSOR_DEFINITIONS = (
					"DEBUG=1",
					"$(inherited)",
				);
				GCC_SYMBOLS_PRIVATE_EXTERN = NO;
				GCC_WARN_64_TO_32_BIT_CONVERSION = YES;
				GCC_WARN_ABOUT_RETURN_TYPE = YES_ERROR;
				GCC_WARN_UNDECLARED_SELECTOR = YES;
				GCC_WARN_UNINITIALIZED_AUTOS = YES_AGGRESSIVE;
				GCC_WARN_UNUSED_FUNCTION = YES;
				GCC_WARN_UNUSED_VARIABLE = YES;
				MACOSX_DEPLOYMENT_TARGET = 10.10;
				MTL_ENABLE_DEBUG_INFO = YES;
				ONLY_ACTIVE_ARCH = YES;
				SDKROOT = macosx;
			};
			name = Debug;
		};
		DB9515F219A1604C00F39637 /* Release */ = {
			isa = XCBuildConfiguration;
			buildSettings = {
				ALWAYS_SEARCH_USER_PATHS = NO;
				CLANG_CXX_LANGUAGE_STANDARD = "gnu++0x";
				CLANG_CXX_LIBRARY = "libc++";
				CLANG_ENABLE_MODULES = YES;
				CLANG_ENABLE_OBJC_ARC = YES;
				CLANG_WARN_BOOL_CONVERSION = YES;
				CLANG_WARN_CONSTANT_CONVERSION = YES;
				CLANG_WARN_DIRECT_OBJC_ISA_USAGE = YES_ERROR;
				CLANG_WARN_EMPTY_BODY = YES;
				CLANG_WARN_ENUM_CONVERSION = YES;
				CLANG_WARN_INT_CONVERSION = YES;
				CLANG_WARN_OBJC_ROOT_CLASS = YES_ERROR;
				CLANG_WARN_UNREACHABLE_CODE = YES;
				CLANG_WARN__DUPLICATE_METHOD_MATCH = YES;
				COPY_PHASE_STRIP = YES;
				DEBUG_INFORMATION_FORMAT = "dwarf-with-dsym";
				ENABLE_NS_ASSERTIONS = NO;
				ENABLE_STRICT_OBJC_MSGSEND = YES;
				GCC_C_LANGUAGE_STANDARD = gnu99;
				GCC_WARN_64_TO_32_BIT_CONVERSION = YES;
				GCC_WARN_ABOUT_RETURN_TYPE = YES_ERROR;
				GCC_WARN_UNDECLARED_SELECTOR = YES;
				GCC_WARN_UNINITIALIZED_AUTOS = YES_AGGRESSIVE;
				GCC_WARN_UNUSED_FUNCTION = YES;
				GCC_WARN_UNUSED_VARIABLE = YES;
				MACOSX_DEPLOYMENT_TARGET = 10.10;
				MTL_ENABLE_DEBUG_INFO = NO;
				SDKROOT = macosx;
			};
			name = Release;
		};
		DB9515F419A1604C00F39637 /* Debug */ = {
			isa = XCBuildConfiguration;
			buildSettings = {
				PRODUCT_NAME = "$(TARGET_NAME)";
			};
			name = Debug;
		};
		DB9515F519A1604C00F39637 /* Release */ = {
			isa = XCBuildConfiguration;
			buildSettings = {
				PRODUCT_NAME = "$(TARGET_NAME)";
			};
			name = Release;
		};
/* End XCBuildConfiguration section */

/* Begin XCConfigurationList section */
		DB9515E719A1604C00F39637 /* Build configuration list for PBXProject "DataStructures" */ = {
			isa = XCConfigurationList;
			buildConfigurations = (
				DB9515F119A1604C00F39637 /* Debug */,
				DB9515F219A1604C00F39637 /* Release */,
			);
			defaultConfigurationIsVisible = 0;
			defaultConfigurationName = Release;
		};
		DB9515F319A1604C00F39637 /* Build configuration list for PBXNativeTarget "DataStructures" */ = {
			isa = XCConfigurationList;
			buildConfigurations = (
				DB9515F419A1604C00F39637 /* Debug */,
				DB9515F519A1604C00F39637 /* Release */,
			);
			defaultConfigurationIsVisible = 0;
			defaultConfigurationName = Release;
		};
/* End XCConfigurationList section */
	};
	rootObject = DB9515E419A1604C00F39637 /* Project object */;
}
